
Microsoft Visual Studio Solution File, Format Version 12.00
# Visual Studio Version 16
VisualStudioVersion = 16.0.30320.27
MinimumVisualStudioVersion = 10.0.40219.1
Project("{FAE04EC0-301F-11D3-BF4B-00C04F79EFBC}") = "R6Stats", "R6Stats\R6Stats.csproj", "{B9475ED8-3423-4ED9-B028-1FF89349E751}"
EndProject
Global
	GlobalSection(SolutionConfigurationPlatforms) = preSolution
		Debug|Any CPU = Debug|Any CPU
		Release|Any CPU = Release|Any CPU
	EndGlobalSection
	GlobalSection(ProjectConfigurationPlatforms) = postSolution
		{B9475ED8-3423-4ED9-B028-1FF89349E751}.Debug|Any CPU.ActiveCfg = Debug|Any CPU
		{B9475ED8-3423-4ED9-B028-1FF89349E751}.Debug|Any CPU.Build.0 = Debug|Any CPU
		{B9475ED8-3423-4ED9-B028-1FF89349E751}.Release|Any CPU.ActiveCfg = Release|Any CPU
		{B9475ED8-3423-4ED9-B028-1FF89349E751}.Release|Any CPU.Build.0 = Release|Any CPU
	EndGlobalSection
	GlobalSection(SolutionProperties) = preSolution
		HideSolutionNode = FALSE
	EndGlobalSection
	GlobalSection(ExtensibilityGlobals) = postSolution
		SolutionGuid = {F7C57535-6356-4058-B645-2EA036A575E9}
	EndGlobalSection
EndGlobal
